
Microsoft Visual Studio Solution File, Format Version 12.00
# Visual Studio Version 16
VisualStudioVersion = 16.0.29215.179
MinimumVisualStudioVersion = 10.0.40219.1
Project("{FAE04EC0-301F-11D3-BF4B-00C04F79EFBC}") = "Datos", "..\Datos\Datos.csproj", "{02B8B35B-9C29-439D-9243-7C8A34A995E5}"
EndProject
Project("{FAE04EC0-301F-11D3-BF4B-00C04F79EFBC}") = "Negocios", "..\Negocios\Negocios.csproj", "{9E41CABA-B128-4D7E-8145-DE0F5D28B4B6}"
EndProject
Project("{FAE04EC0-301F-11D3-BF4B-00C04F79EFBC}") = "WebEntidades", "..\WebEntidades\WebEntidades.csproj", "{128E1DCC-132E-4259-B3C3-DEDB9AC72532}"
EndProject
Project("{FAE04EC0-301F-11D3-BF4B-00C04F79EFBC}") = "Entidad", "..\Entidad\Entidad.csproj", "{D82F0EA2-5311-4D19-80C1-9753A531DA71}"
EndProject
Global
	GlobalSection(SolutionConfigurationPlatforms) = preSolution
		Debug|Any CPU = Debug|Any CPU
		Release|Any CPU = Release|Any CPU
	EndGlobalSection
	GlobalSection(ProjectConfigurationPlatforms) = postSolution
		{02B8B35B-9C29-439D-9243-7C8A34A995E5}.Debug|Any CPU.ActiveCfg = Debug|Any CPU
		{02B8B35B-9C29-439D-9243-7C8A34A995E5}.Debug|Any CPU.Build.0 = Debug|Any CPU
		{02B8B35B-9C29-439D-9243-7C8A34A995E5}.Release|Any CPU.ActiveCfg = Release|Any CPU
		{02B8B35B-9C29-439D-9243-7C8A34A995E5}.Release|Any CPU.Build.0 = Release|Any CPU
		{9E41CABA-B128-4D7E-8145-DE0F5D28B4B6}.Debug|Any CPU.ActiveCfg = Debug|Any CPU
		{9E41CABA-B128-4D7E-8145-DE0F5D28B4B6}.Debug|Any CPU.Build.0 = Debug|Any CPU
		{9E41CABA-B128-4D7E-8145-DE0F5D28B4B6}.Release|Any CPU.ActiveCfg = Release|Any CPU
		{9E41CABA-B128-4D7E-8145-DE0F5D28B4B6}.Release|Any CPU.Build.0 = Release|Any CPU
		{128E1DCC-132E-4259-B3C3-DEDB9AC72532}.Debug|Any CPU.ActiveCfg = Debug|Any CPU
		{128E1DCC-132E-4259-B3C3-DEDB9AC72532}.Debug|Any CPU.Build.0 = Debug|Any CPU
		{128E1DCC-132E-4259-B3C3-DEDB9AC72532}.Release|Any CPU.ActiveCfg = Release|Any CPU
		{128E1DCC-132E-4259-B3C3-DEDB9AC72532}.Release|Any CPU.Build.0 = Release|Any CPU
		{D82F0EA2-5311-4D19-80C1-9753A531DA71}.Debug|Any CPU.ActiveCfg = Debug|Any CPU
		{D82F0EA2-5311-4D19-80C1-9753A531DA71}.Debug|Any CPU.Build.0 = Debug|Any CPU
		{D82F0EA2-5311-4D19-80C1-9753A531DA71}.Release|Any CPU.ActiveCfg = Release|Any CPU
		{D82F0EA2-5311-4D19-80C1-9753A531DA71}.Release|Any CPU.Build.0 = Release|Any CPU
	EndGlobalSection
	GlobalSection(SolutionProperties) = preSolution
		HideSolutionNode = FALSE
	EndGlobalSection
	GlobalSection(ExtensibilityGlobals) = postSolution
		SolutionGuid = {798C8C01-C3E8-4109-A150-52F15C98E956}
	EndGlobalSection
EndGlobal
